<?xml version="1.0" encoding="utf-8"?>
<Project ToolsVersion="4.0" xmlns="http://schemas.microsoft.com/developer/msbuild/2003">
  <ItemGroup>
    <Filter Include="소스 파일">
      <UniqueIdentifier>{4FC737F1-C7A5-4376-A066-2A32D752A2FF}</UniqueIdentifier>
      <Extensions>cpp;c;cc;cxx;def;odl;idl;hpj;bat;asm;asmx</Extensions>
    </Filter>
    <Filter Include="헤더 파일">
      <UniqueIdentifier>{93995380-89BD-4b04-88EB-625FBE52EBFB}</UniqueIdentifier>
      <Extensions>h;hh;hpp;hxx;hm;inl;inc;ipp;xsd</Extensions>
    </Filter>
    <Filter Include="리소스 파일">
      <UniqueIdentifier>{67DA6AB6-F800-4c08-8B7A-83BB121AAD01}</UniqueIdentifier>
      <Extensions>rc;ico;cur;bmp;dlg;rc2;rct;bin;rgs;gif;jpg;jpeg;jpe;resx;tiff;tif;png;wav;mfcribbon-ms</Extensions>
    </Filter>
    <Filter Include="FSM">
      <UniqueIdentifier>{4b4dfc21-59de-463c-bbe9-befd800c8a9b}</UniqueIdentifier>
    </Filter>
  </ItemGroup>
  <ItemGroup>
    <ClInclude Include="TCore.h">
      <Filter>헤더 파일</Filter>
    </ClInclude>
    <ClInclude Include="TStd.h">
      <Filter>헤더 파일</Filter>
    </ClInclude>
    <ClInclude Include="TTimer.h">
      <Filter>헤더 파일</Filter>
    </ClInclude>
    <ClInclude Include="TWindow.h">
      <Filter>헤더 파일</Filter>
    </ClInclude>
    <ClInclude Include="TBitmap.h">
      <Filter>헤더 파일</Filter>
    </ClInclude>
    <ClInclude Include="TBitmapMgr.h">
      <Filter>헤더 파일</Filter>
    </ClInclude>
    <ClInclude Include="TInput.h">
      <Filter>헤더 파일</Filter>
    </ClInclude>
    <ClInclude Include="TBkObj.h">
      <Filter>헤더 파일</Filter>
    </ClInclude>
    <ClInclude Include="TCollision.h">
      <Filter>헤더 파일</Filter>
    </ClInclude>
    <ClInclude Include="TNpcObj.h">
      <Filter>헤더 파일</Filter>
    </ClInclude>
    <ClInclude Include="TObject.h">
      <Filter>헤더 파일</Filter>
    </ClInclude>
    <ClInclude Include="TScene.h">
      <Filter>헤더 파일</Filter>
    </ClInclude>
    <ClInclude Include="TButton.h">
      <Filter>헤더 파일</Filter>
    </ClInclude>
    <ClInclude Include="TSound.h">
      <Filter>헤더 파일</Filter>
    </ClInclude>
    <ClInclude Include="THeroObj.h">
      <Filter>헤더 파일</Filter>
    </ClInclude>
    <ClInclude Include="TEnemy.h">
      <Filter>헤더 파일</Filter>
    </ClInclude>
    <ClInclude Include="TFsmMgr.h">
      <Filter>헤더 파일</Filter>
    </ClInclude>
    <ClInclude Include="TEffectObj.h">
      <Filter>헤더 파일</Filter>
    </ClInclude>
    <ClInclude Include="TAttackAction.h">
      <Filter>FSM</Filter>
    </ClInclude>
    <ClInclude Include="TEnemyState.h">
      <Filter>FSM</Filter>
    </ClInclude>
    <ClInclude Include="TFiniteStateMachine.h">
      <Filter>FSM</Filter>
    </ClInclude>
    <ClInclude Include="TMoveAction.h">
      <Filter>FSM</Filter>
    </ClInclude>
    <ClInclude Include="TStandAction.h">
      <Filter>FSM</Filter>
    </ClInclude>
  </ItemGroup>
  <ItemGroup>
    <ClCompile Include="TCore.cpp">
      <Filter>소스 파일</Filter>
    </ClCompile>
    <ClCompile Include="TTimer.cpp">
      <Filter>소스 파일</Filter>
    </ClCompile>
    <ClCompile Include="TWindow.cpp">
      <Filter>소스 파일</Filter>
    </ClCompile>
    <ClCompile Include="TBitmap.cpp">
      <Filter>소스 파일</Filter>
    </ClCompile>
    <ClCompile Include="TBitmapMgr.cpp">
      <Filter>소스 파일</Filter>
    </ClCompile>
    <ClCompile Include="TInput.cpp">
      <Filter>소스 파일</Filter>
    </ClCompile>
    <ClCompile Include="TBkObj.cpp">
      <Filter>소스 파일</Filter>
    </ClCompile>
    <ClCompile Include="TCollision.cpp">
      <Filter>소스 파일</Filter>
    </ClCompile>
    <ClCompile Include="TNpcObj.cpp">
      <Filter>소스 파일</Filter>
    </ClCompile>
    <ClCompile Include="TObject.cpp">
      <Filter>소스 파일</Filter>
    </ClCompile>
    <ClCompile Include="TEndScene.cpp">
      <Filter>소스 파일</Filter>
    </ClCompile>
    <ClCompile Include="TScene.cpp">
      <Filter>소스 파일</Filter>
    </ClCompile>
    <ClCompile Include="TSceneLobby.cpp">
      <Filter>소스 파일</Filter>
    </ClCompile>
    <ClCompile Include="TButton.cpp">
      <Filter>소스 파일</Filter>
    </ClCompile>
    <ClCompile Include="TSound.cpp">
      <Filter>소스 파일</Filter>
    </ClCompile>
    <ClCompile Include="THeroObj.cpp">
      <Filter>소스 파일</Filter>
    </ClCompile>
    <ClCompile Include="TEnemy.cpp">
      <Filter>소스 파일</Filter>
    </ClCompile>
    <ClCompile Include="TFsmMgr.cpp">
      <Filter>소스 파일</Filter>
    </ClCompile>
    <ClCompile Include="TEffectObj.cpp">
      <Filter>소스 파일</Filter>
    </ClCompile>
    <ClCompile Include="TAttackAction.cpp">
      <Filter>FSM</Filter>
    </ClCompile>
    <ClCompile Include="TEnemyState.cpp">
      <Filter>FSM</Filter>
    </ClCompile>
    <ClCompile Include="TFiniteStateMachine.cpp">
      <Filter>FSM</Filter>
    </ClCompile>
    <ClCompile Include="TMoveAction.cpp">
      <Filter>FSM</Filter>
    </ClCompile>
    <ClCompile Include="TStandAction.cpp">
      <Filter>FSM</Filter>
    </ClCompile>
  </ItemGroup>
</Project>